{
  "lockfileVersion": 2,
  "configVersion": 1,
  "workspaces": {
    "": {
      "name": "komodo-mailgun-alerter",
      "dependencies": {
        "@kitajs/html": "^4.2.13",
        "komodo_client": "^2.3.2",
        "mailgun.js": "^14.0.1",
      },
      "devDependencies": {
        "@kitajs/ts-html-plugin": "^4.1.4",
        "@types/bun": "1.4.1",
        "lefthook": "^2.1.14",
        "prettier": "^3.9.7",
        "typescript": "^6.0.3",
      },
    },
  },
  "packages": {
    "@kitajs/html": ["@kitajs/html@4.2.13", "", { "dependencies": { "csstype": "^3.1.3" } }, "sha512-o+8e61EsoLDPTP7rsPkYolca1YFybHuxU2Lr5fWDZCUkYT/6uBlVkvnZUdCXMQKentJL9dxwpR8/xK2Q+U4LhA=="],

    "@kitajs/ts-html-plugin": ["@kitajs/ts-html-plugin@4.1.4", "", { "dependencies": { "chalk": "^5.6.2", "tslib": "^2.8.1", "yargs": "^18.0.0" }, "peerDependencies": { "@kitajs/html": "^4.2.10", "typescript": "^5.9.3" }, "bin": { "xss-scan": "dist/cli.js", "ts-html-plugin": "dist/cli.js" } }, "sha512-xK5mNrhnIy73kJFKx5yVGChJyWFRGmIaE0sjlVxVYllk5dyaEYVCrIh1N8AfnseEHka8gAqzPGW95HlkhDvnJA=="],

    "@types/bun": ["@types/bun@1.4.1", "", { "dependencies": { "bun-types": "1.4.1" } }, "sha512-0AVGiTXGajf1rgKom3N+c5L7CBxuoyyv1i44M0nX4UDK0G/fnRAMiri93nHuVPIb429KKtAgj7HatVmmOjeQLA=="],

    "@types/node": ["@types/node@26.6.1", "", { "dependencies": { "undici-types": "~8.9.0" } }, "sha512-VqGJBMCtdhqkBUCcBLvywI0NJ+KLuVzgNnlBUNFOQjqVxzo2lxLUNg1DSey8+u2u6ktswSAxg+s68QLzWHNOuA=="],

    "agent-base": ["agent-base@6.0.2", "", { "dependencies": { "debug": "4" } }, "sha512-RZNwNclF7+MS/8bDg70amg32dyeZGZxiDuQmZxKLAlQjr3jGyLx+4Kkk58UO7D2QdgFIQCovuSuZESne6RG6XQ=="],

    "ansi-regex": ["ansi-regex@6.3.0", "", {}, "sha512-WpDfL7NO6j7tH88IDBNVdUJxDh9nmCteAVW9dsep846XdwF4naCBK+/tGLX3KJgcpgMRXCFlTM2hKGoK9FsdrQ=="],

    "ansi-styles": ["ansi-styles@6.2.3", "", {}, "sha512-4Dj6M28JB+oAH8kFkTLUo+a2jwOFkuqb3yucU0CANcRRUbxS0cP0nZYCGjcc3BNXwRIsUVmDGgzawme7zvJHvg=="],

    "asynckit": ["asynckit@0.4.0", "", {}, "sha512-Oei9OH4tRh0YqU3GxhX79dM/mwVgvbZJaSNaRk+bshkj0S5cfHcgYakreBjrHwatXKbz+IoIdYLxrKim2MjW0Q=="],

    "axios": ["axios@1.20.0", "", { "dependencies": { "follow-redirects": "^1.16.0", "form-data": "^4.0.6", "https-proxy-agent": "^5.0.1", "proxy-from-env": "^2.1.0" } }, "sha512-r8aOh8j9cGKpgQAqpzrUHnSIc6a59Y3Xf/cv8sy1DrHCkZHzQGEuoq1tARk6qSyDdtQGSDgpb9kFlruzPvrgwg=="],

    "base-64": ["base-64@1.0.0", "", {}, "sha512-kwDPIFCGx0NZHog36dj+tHiwP4QMzsZ3AgMViUBKI0+V5n4U0ufTCUMhnQ04diaRI8EX/QcPfql7zlhZ7j4zgg=="],

    "bun-types": ["bun-types@1.4.1", "", { "dependencies": { "@types/node": "*" } }, "sha512-loKuVrAFZKfEv+JvWkHRS9GW5IqLuLRjVXN9p+vZvBN86O5hf/pBZQ5hSoyipsrMmWObZBDvWnlmKvjKTM0PdA=="],

    "call-bind-apply-helpers": ["call-bind-apply-helpers@1.0.2", "", { "dependencies": { "es-errors": "^1.3.0", "function-bind": "^1.1.2" } }, "sha512-Sp1ablJ0ivDkSzjcaJdxEunN5/XvksFJ2sMBFfq6x0ryhQV/2b/KwFe21cMpmHtPOSij8K99/wSfoEuTObmuMQ=="],

    "chalk": ["chalk@5.6.2", "", {}, "sha512-7NzBL0rN6fMUW+f7A6Io4h40qQlG+xGmtMxfbnH/K7TAtt8JQWVQK+6g0UXKMeVJoyV5EkkNsErQ8pVD3bLHbA=="],

    "cliui": ["cliui@9.0.1", "", { "dependencies": { "string-width": "^7.2.0", "strip-ansi": "^7.1.0", "wrap-ansi": "^9.0.0" } }, "sha512-k7ndgKhwoQveBL+/1tqGJYNz097I7WOvwbmmU2AR5+magtbjPWQTS1C5vzGkBC8Ym8UWRzfKUzUUqFLypY4Q+w=="],

    "combined-stream": ["combined-stream@1.0.8", "", { "dependencies": { "delayed-stream": "~1.0.0" } }, "sha512-FQN4MRfuJeHf7cBbBMJFXhKSDq+2kAArBlmRBvcvFE5BB1HZKXtSFASDhdlz9zOYwxh8lDdnvmMOe/+5cdoEdg=="],

    "csstype": ["csstype@3.2.3", "", {}, "sha512-z1HGKcYy2xA8AGQfwrn0PAy+PB7X/GSj3UVJW9qKyn43xWa+gl5nXmU4qqLMRzWVLFC8KusUX8T/0kCiOYpAIQ=="],

    "debug": ["debug@4.4.3", "", { "dependencies": { "ms": "^2.1.3" }, "peerDependencies": { "supports-color": "*" }, "optionalPeers": ["supports-color"] }, "sha512-RGwwWnwQvkVfavKVt22FGLw+xYSdzARwm0ru6DhTVA3umU5hZc28V3kO4stgYryrTlLpuvgI9GiijltAjNbcqA=="],

    "delayed-stream": ["delayed-stream@1.0.0", "", {}, "sha512-ZySD7Nf91aLB0RxL4KGrKHBXl7Eds1DAmEdcoVawXnLD7SDhpNgtuII2aAkg7a7QS41jxPSZ17p4VdGnMHk3MQ=="],

    "dunder-proto": ["dunder-proto@1.0.1", "", { "dependencies": { "call-bind-apply-helpers": "^1.0.1", "es-errors": "^1.3.0", "gopd": "^1.2.0" } }, "sha512-KIN/nDJBQRcXw0MLVhZE9iQHmG68qAVIBg9CqmUYjmQIhgij9U5MFvrqkUL5FbtyyzZuOeOt0zdeRe4UY7ct+A=="],

    "emoji-regex": ["emoji-regex@10.6.0", "", {}, "sha512-toUI84YS5YmxW219erniWD0CIVOo46xGKColeNQRgOzDorgBi1v4D71/OFzgD9GO2UGKIv1C3Sp8DAn0+j5w7A=="],

    "es-define-property": ["es-define-property@1.0.1", "", {}, "sha512-e3nRfgfUZ4rNGL232gUgX06QNyyez04KdjFrF+LTRoOXmrOgFKDg4BCdsjW8EnT69eqdYGmRpJwiPVYNrCaW3g=="],

    "es-errors": ["es-errors@1.3.0", "", {}, "sha512-Zf5H2Kxt2xjTvbJvP2ZWLEICxA6j+hAmMzIlypy4xcBg1vKVnx89Wy0GbS+kf5cwCVFFzdCFh2XSCFNULS6csw=="],

    "es-object-atoms": ["es-object-atoms@1.1.2", "", { "dependencies": { "es-errors": "^1.3.0" } }, "sha512-HWcBoN6NileqtSydK2FqHbS/LoDd2pqrnQHLyJzBj4kOp/ky2MWMN694xOfkK8/SnUsW2DH7EfyVlydKCsm1Zw=="],

    "es-set-tostringtag": ["es-set-tostringtag@2.1.0", "", { "dependencies": { "es-errors": "^1.3.0", "get-intrinsic": "^1.2.6", "has-tostringtag": "^1.0.2", "hasown": "^2.0.2" } }, "sha512-j6vWzfrGVfyXxge+O0x5sh6cvxAog0a/4Rdd2K36zCMV5eJ+/+tOAngRO8cODMNWbVRdVlmGZQL2YS3yR8bIUA=="],

    "escalade": ["escalade@3.2.0", "", {}, "sha512-WUj2qlxaQtO4g6Pq5c29GTcWGDyd8itL8zTlipgECz3JesAiiOKotd8JU6otB3PACgG6xkJUyVhboMS+bje/jA=="],

    "follow-redirects": ["follow-redirects@1.16.0", "", { "peerDependencies": { "debug": "*" }, "optionalPeers": ["debug"] }, "sha512-y5rN/uOsadFT/JfYwhxRS5R7Qce+g3zG97+JrtFZlC9klX/W5hD7iiLzScI4nZqUS7DNUdhPgw4xI8W2LuXlUw=="],

    "form-data": ["form-data@4.0.6", "", { "dependencies": { "asynckit": "^0.4.0", "combined-stream": "^1.0.8", "es-set-tostringtag": "^2.1.0", "hasown": "^2.0.4", "mime-types": "^2.1.35" } }, "sha512-vKatAh4SlVfgbv+YtmhiRjhEMJsYpsG1Y2rMQtR+SVSbytsSD1YGzDIcrAJmdFec88u/+VoGmxnl+80gL1tRCQ=="],

    "function-bind": ["function-bind@1.1.2", "", {}, "sha512-7XHNxH7qX9xG5mIwxkhumTox/MIRNcOgDrxWsMt2pAr23WHp6MrRlN7FBSFpCpr+oVO0F744iUgR82nJMfG2SA=="],

    "get-caller-file": ["get-caller-file@2.0.5", "", {}, "sha512-DyFP3BM/3YHTQOCUL/w0OZHR0lpKeGrxotcHWcqNEdnltqFwXVfhEBQ94eIo34AfQpo0rGki4cyIiftY06h2Fg=="],

    "get-east-asian-width": ["get-east-asian-width@1.6.0", "", {}, "sha512-QRbvDIbx6YklUe6RxeTeleMR0yv3cYH6PsPZHcnVn7xv7zO1BHN8r0XETu8n6Ye3Q+ahtSarc3WgtNWmehIBfA=="],

    "get-intrinsic": ["get-intrinsic@1.3.0", "", { "dependencies": { "call-bind-apply-helpers": "^1.0.2", "es-define-property": "^1.0.1", "es-errors": "^1.3.0", "es-object-atoms": "^1.1.1", "function-bind": "^1.1.2", "get-proto": "^1.0.1", "gopd": "^1.2.0", "has-symbols": "^1.1.0", "hasown": "^2.0.2", "math-intrinsics": "^1.1.0" } }, "sha512-9fSjSaos/fRIVIp+xSJlE6lfwhES7LNtKaCBIamHsjr2na1BiABJPo0mOjjz8GJDURarmCPGqaiVg5mfjb98CQ=="],

    "get-proto": ["get-proto@1.0.1", "", { "dependencies": { "dunder-proto": "^1.0.1", "es-object-atoms": "^1.0.0" } }, "sha512-sTSfBjoXBp89JvIKIefqw7U2CCebsc74kiY6awiGogKtoSGbgjYE/G/+l9sF3MWFPNc9IcoOC4ODfKHfxFmp0g=="],

    "gopd": ["gopd@1.2.0", "", {}, "sha512-ZUKRh6/kUFoAiTAtTYPZJ3hw9wNxx+BIBOijnlG9PnrJsCcSjs1wyyD6vJpaYtgnzDrKYRSqf3OO6Rfa93xsRg=="],

    "has-symbols": ["has-symbols@1.1.0", "", {}, "sha512-1cDNdwJ2Jaohmb3sg4OmKaMBwuC48sYni5HUw2DvsC8LjGTLK9h+eb1X6RyuOHe4hT0ULCW68iomhjUoKUqlPQ=="],

    "has-tostringtag": ["has-tostringtag@1.0.2", "", { "dependencies": { "has-symbols": "^1.0.3" } }, "sha512-NqADB8VjPFLM2V0VvHUewwwsw0ZWBaIdgo+ieHtK3hasLz4qeCRjYcqfB6AQrBggRKppKF8L52/VqdVsO47Dlw=="],

    "hasown": ["hasown@2.0.4", "", { "dependencies": { "function-bind": "^1.1.2" } }, "sha512-T2UbfbBEF32wiepXIsMlTW9+dDYC6wMh/t/vYA4tuOMKqWz/n3vr1NFSxQiyP+zk2mXsoMA/i/7qV6LKut1t1A=="],

    "https-proxy-agent": ["https-proxy-agent@5.0.1", "", { "dependencies": { "agent-base": "6", "debug": "4" } }, "sha512-dFcAjpTQFgoLMzC2VwU+C/CbS7uRL0lWmxDITmqm7C+7F0Odmj6s9l6alZc6AELXhrnggM2CeWSXHGOdX2YtwA=="],

    "jwt-decode": ["jwt-decode@4.0.0", "", {}, "sha512-+KJGIyHgkGuIq3IEBNftfhW/LfWhXUIY6OmyVWjliu5KH1y0fw7VQ8YndE2O4qZdMSd9SqbnC8GOcZEy0Om7sA=="],

    "komodo_client": ["komodo_client@2.3.2", "", { "dependencies": { "mogh_auth_client": "^1.7.1" } }, "sha512-t/RQdFvIjphu+Sj7TA25Q6bj+y6ULpPHE/WD4TcBDf82KkVmYCJbX9EkTJaisakSeG/PUvLmu1pg2aAeP4N9PQ=="],

    "lefthook": ["lefthook@2.1.14", "", { "optionalDependencies": { "lefthook-darwin-arm64": "2.1.14", "lefthook-darwin-x64": "2.1.14", "lefthook-freebsd-arm64": "2.1.14", "lefthook-freebsd-x64": "2.1.14", "lefthook-linux-arm64": "2.1.14", "lefthook-linux-x64": "2.1.14", "lefthook-openbsd-arm64": "2.1.14", "lefthook-openbsd-x64": "2.1.14", "lefthook-windows-arm64": "2.1.14", "lefthook-windows-x64": "2.1.14" }, "bin": { "lefthook": "bin/index.js" } }, "sha512-Y9TL1dmpRlIdSp73SJ6bb+xAZ4s2SinGTK3pgC9PRWMSjMr2iOfowPGnlSOfAo5fu6S5rdiItsQDxeLEWCGk4g=="],

    "lefthook-darwin-arm64": ["lefthook-darwin-arm64@2.1.14", "", { "os": "darwin", "cpu": "arm64" }, "sha512-VMUAqY81+8ph7Mc0iROd3JWqj2sOuK7SYDyd8ZgzYVKChCt+Nnz8ehd4gUwprJy7QI28IFSUh1M3wnIRiYh+fA=="],

    "lefthook-darwin-x64": ["lefthook-darwin-x64@2.1.14", "", { "os": "darwin", "cpu": "x64" }, "sha512-uSmjcPRU+yB+D6vk+u6WJDnyHlB+XIv1QZw97N2+qNGG2bNSLH/7MuJ6puCdJv+lVPBEO5wBjE3JIbaEzPOQCw=="],

    "lefthook-freebsd-arm64": ["lefthook-freebsd-arm64@2.1.14", "", { "os": "freebsd", "cpu": "arm64" }, "sha512-po/pmjbp/7BjE9RFfeDnh+CeNsA0d+utppOYKB425I7mgI1GcmT8GAZ9DDut4DIutNjVqKL/lzrj+F87Gm40Rg=="],

    "lefthook-freebsd-x64": ["lefthook-freebsd-x64@2.1.14", "", { "os": "freebsd", "cpu": "x64" }, "sha512-+KiXiFjJf7YdHUYjzhDsklcA5bAFZN+pNcz/NbBftrhVTwzNALNoK+SYEKt+9QJsrzL6tpDWmHHFpeLGp+8t8w=="],

    "lefthook-linux-arm64": ["lefthook-linux-arm64@2.1.14", "", { "os": "linux", "cpu": "arm64" }, "sha512-bjeJB16ftJaPWGTedssh8ZrqRy1ACfQuTV7a0O3NU1FoIsJtfHOm0o0mV4cPf4q+ZCVCwq1Xf2I11qUpuJFV4Q=="],

    "lefthook-linux-x64": ["lefthook-linux-x64@2.1.14", "", { "os": "linux", "cpu": "x64" }, "sha512-gYExzjU2w3uKrP1MklbHENS1cXUdCQRIiEJkykI7q4RjhIHi+mQEUAZLxZw93a6jE2pNWaO0me5tB8EbEt4/GQ=="],

    "lefthook-openbsd-arm64": ["lefthook-openbsd-arm64@2.1.14", "", { "os": "openbsd", "cpu": "arm64" }, "sha512-MCW76gTlEMBF3Ds8O63UTxjaSguha/5zT0U3Vr719I1sXueSpttfRmm/5YfIB4MygB116yA/Vi+DsizT/X0kcg=="],

    "lefthook-openbsd-x64": ["lefthook-openbsd-x64@2.1.14", "", { "os": "openbsd", "cpu": "x64" }, "sha512-salAc1PAhLI6xrB9pth5UxALQlTOGvZAfaAvgFwixhkdu8D//uW8zS3faFq31ktd1bDAy5wDI8p9yg+fF5+2uA=="],

    "lefthook-windows-arm64": ["lefthook-windows-arm64@2.1.14", "", { "os": "win32", "cpu": "arm64" }, "sha512-q3JC6lBrYLzkhXEhfnmFxJF47gSd5JeDweH3aNrHoLGX/KkRiOrk9RSyoRwSuGq03EYxSkJhl1FLj2GUxF7VqQ=="],

    "lefthook-windows-x64": ["lefthook-windows-x64@2.1.14", "", { "os": "win32", "cpu": "x64" }, "sha512-WwIxdwW1lDAaJUU3ETcKlCtdqluGr3Cy+LjKvP4QIQnFf0FEXL78THstIkZ6k6qhfUn7/WvyqSIf0cbTAKw2nQ=="],

    "mailgun.js": ["mailgun.js@14.0.1", "", { "dependencies": { "axios": "^1.15.0", "base-64": "^1.0.0", "url-join": "^4.0.1" } }, "sha512-vfgkpK0rbzg0JOoAOoj5b+pCKeYtI8pCg9qk6cMdid/FHAN/JHsfHeS2QGTxMx8wZdMNqn4rVXY9VkhT14Jikw=="],

    "math-intrinsics": ["math-intrinsics@1.1.0", "", {}, "sha512-/IXtbwEk5HTPyEwyKX6hGkYXxM9nbj64B+ilVJnC/R6B0pH5G4V3b0pVbL7DBj4tkhBAppbQUlf6F6Xl9LHu1g=="],

    "mime-db": ["mime-db@1.52.0", "", {}, "sha512-sPU4uV7dYlvtWJxwwxHD0PuihVNiE7TyAbQ5SWxDCB9mUYvOgroQOwYQQOKPJ8CIbE+1ETVlOoK1UC2nU3gYvg=="],

    "mime-types": ["mime-types@2.1.35", "", { "dependencies": { "mime-db": "1.52.0" } }, "sha512-ZDY+bPm5zTTF+YpCrAU9nK0UgICYPT0QtT1NZWFv4s++TNkcgVaT0g6+4R2uI4MjQjzysHB1zxuWL50hzaeXiw=="],

    "mogh_auth_client": ["mogh_auth_client@1.7.1", "", { "dependencies": { "jwt-decode": "^4.0.0" } }, "sha512-IWT7ET5QmqNGqrGgNy4oyF4LMb1TeLXQhDw6AXzd5S/WfWC9JJx7xjnIdJFqXpl3zoZ+va773RrPB5ufGPkVVQ=="],

    "ms": ["ms@2.1.3", "", {}, "sha512-6FlzubTLZG3J2a/NVCAleEhjzq5oxgHyaCU9yYXvcLsvoVaHJq/s5xXI6/XXP6tz7R9xAOtHnSO/tXtF3WRTlA=="],

    "prettier": ["prettier@3.9.7", "", { "bin": { "prettier": "bin/prettier.cjs" } }, "sha512-T3mF5P7HFzZVLDQuCUNtJj6WK1pcpLMweMNUVwGb01bLNkH9AkKxtZvmInw8K6bnn2O3d6/5RHl6zSHiBAD0Og=="],

    "proxy-from-env": ["proxy-from-env@2.1.0", "", {}, "sha512-cJ+oHTW1VAEa8cJslgmUZrc+sjRKgAKl3Zyse6+PV38hZe/V6Z14TbCuXcan9F9ghlz4QrFr2c92TNF82UkYHA=="],

    "string-width": ["string-width@8.2.2", "", { "dependencies": { "get-east-asian-width": "^1.5.0", "strip-ansi": "^7.1.2" } }, "sha512-GaPUh5gfdrYzqeVNZvUfT23vYYxXzKYidUcnMtJg/3rxRV63EFZy3k6xfKlmfeJD0176lnUV/Usr3XcwSvFzpg=="],

    "strip-ansi": ["strip-ansi@7.2.0", "", { "dependencies": { "ansi-regex": "^6.2.2" } }, "sha512-yDPMNjp4WyfYBkHnjIRLfca1i6KMyGCtsVgoKe/z1+6vukgaENdgGBZt+ZmKPc4gavvEZ5OgHfHdrazhgNyG7w=="],

    "tslib": ["tslib@2.8.1", "", {}, "sha512-oJFu94HQb+KVduSUQL7wnpmqnfmLsOA/nAh6b6EH0wCEoK0/mPeXU6c3wKDV83MkOuHPRHtSXKKU99IBazS/2w=="],

    "typescript": ["typescript@6.0.3", "", { "bin": { "tsc": "bin/tsc", "tsserver": "bin/tsserver" } }, "sha512-y2TvuxSZPDyQakkFRPZHKFm+KKVqIisdg9/CZwm9ftvKXLP8NRWj38/ODjNbr43SsoXqNuAisEf1GdCxqWcdBw=="],

    "undici-types": ["undici-types@8.9.0", "", {}, "sha512-KTDyRTYX8sWmKXAikPHHSyc63CRPETMctyjKFupcC6OBLXT3xsN0e9aF7m+mIXutFWpUXuedtowG7iLOzp0kQg=="],

    "url-join": ["url-join@4.0.1", "", {}, "sha512-jk1+QP6ZJqyOiuEI9AEWQfju/nB2Pw466kbA0LEZljHwKeMgd9WrAEgEGxjPDD2+TNbbb37rTyhEfrCXfuKXnA=="],

    "wrap-ansi": ["wrap-ansi@9.0.2", "", { "dependencies": { "ansi-styles": "^6.2.1", "string-width": "^7.0.0", "strip-ansi": "^7.1.0" } }, "sha512-42AtmgqjV+X1VpdOfyTGOYRi0/zsoLqtXQckTmqTeybT+BDIbM/Guxo7x3pE2vtpr1ok6xRqM9OpBe+Jyoqyww=="],

    "y18n": ["y18n@5.0.8", "", {}, "sha512-0pfFzegeDWJHJIAmTLRP2DwHjdF5s7jo9tuztdQxAhINCdvS+3nGINqPd00AphqJR/0LhANUS6/+7SCb98YOfA=="],

    "yargs": ["yargs@18.1.0", "", { "dependencies": { "cliui": "^9.0.1", "escalade": "^3.1.1", "get-caller-file": "^2.0.5", "string-width": "^8.2.1", "y18n": "^5.0.5", "yargs-parser": "^22.0.0" } }, "sha512-2rAgRKu54VsHkqI0/tYkmluGXHD4KW7yZoycuqDQ15QOTnc2VVfy0nN/1eMhnQLO00A+dwtK20xuCnc1YGeUyg=="],

    "yargs-parser": ["yargs-parser@22.0.0", "", {}, "sha512-rwu/ClNdSMpkSrUb+d6BRsSkLUq1fmfsY6TOpYzTwvwkg1/NRG85KBy3kq++A8LKQwX6lsu+aWad+2khvuXrqw=="],

    "cliui/string-width": ["string-width@7.2.0", "", { "dependencies": { "emoji-regex": "^10.3.0", "get-east-asian-width": "^1.0.0", "strip-ansi": "^7.1.0" } }, "sha512-tsaTIkKW9b4N+AEj+SVA+WhJzV7/zMhcSu78mLKWSk7cXMOSHsBKFWUs0fWwq8QyK3MgJBQRX6Gbi4kYbdvGkQ=="],

    "wrap-ansi/string-width": ["string-width@7.2.0", "", { "dependencies": { "emoji-regex": "^10.3.0", "get-east-asian-width": "^1.0.0", "strip-ansi": "^7.1.0" } }, "sha512-tsaTIkKW9b4N+AEj+SVA+WhJzV7/zMhcSu78mLKWSk7cXMOSHsBKFWUs0fWwq8QyK3MgJBQRX6Gbi4kYbdvGkQ=="],
  }
}
